
Microsoft Visual Studio Solution File, Format Version 12.00
# Visual Studio 15
VisualStudioVersion = 15.0.28307.1267
MinimumVisualStudioVersion = 10.0.40219.1
Project("{FAE04EC0-301F-11D3-BF4B-00C04F79EFBC}") = "Final Project Form", "Final Project Form\Final Project Form.csproj", "{66E0E0C2-8051-4ABF-A459-1CCA938EC313}"
EndProject
Global
	GlobalSection(SolutionConfigurationPlatforms) = preSolution
		Debug|Any CPU = Debug|Any CPU
		Release|Any CPU = Release|Any CPU
	EndGlobalSection
	GlobalSection(ProjectConfigurationPlatforms) = postSolution
		{66E0E0C2-8051-4ABF-A459-1CCA938EC313}.Debug|Any CPU.ActiveCfg = Debug|Any CPU
		{66E0E0C2-8051-4ABF-A459-1CCA938EC313}.Debug|Any CPU.Build.0 = Debug|Any CPU
		{66E0E0C2-8051-4ABF-A459-1CCA938EC313}.Release|Any CPU.ActiveCfg = Release|Any CPU
		{66E0E0C2-8051-4ABF-A459-1CCA938EC313}.Release|Any CPU.Build.0 = Release|Any CPU
	EndGlobalSection
	GlobalSection(SolutionProperties) = preSolution
		HideSolutionNode = FALSE
	EndGlobalSection
	GlobalSection(ExtensibilityGlobals) = postSolution
		SolutionGuid = {FF06F394-50C6-4552-A1B4-A90173C0BE9B}
	EndGlobalSection
EndGlobal
